// !$*UTF8*$!
{
	archiveVersion = 1;
	classes = {
	};
	objectVersion = 52;
	objects = {

/* Begin PBXBuildFile section */
		C5C533E2254605D9005B9F17 /* SwiftLevelDB in Frameworks */ = {isa = PBXBuildFile; productRef = C5C533E1254605D9005B9F17 /* SwiftLevelDB */; };
		C5C5340825460863005B9F17 /* ldb_dumpTests.swift in Sources */ = {isa = PBXBuildFile; fileRef = C5C5340525460863005B9F17 /* ldb_dumpTests.swift */; };
		C5C5340925460863005B9F17 /* XCTestManifests.swift in Sources */ = {isa = PBXBuildFile; fileRef = C5C5340625460863005B9F17 /* XCTestManifests.swift */; };
		C5C534112546088C005B9F17 /* LDBDump.swift in Sources */ = {isa = PBXBuildFile; fileRef = C5C5340E2546088C005B9F17 /* LDBDump.swift */; };
		C5C534122546088D005B9F17 /* main.swift in Sources */ = {isa = PBXBuildFile; fileRef = C5C5340F2546088C005B9F17 /* main.swift */; };
		C5C534132546088D005B9F17 /* Database.swift in Sources */ = {isa = PBXBuildFile; fileRef = C5C534102546088C005B9F17 /* Database.swift */; };
/* End PBXBuildFile section */

/* Begin PBXCopyFilesBuildPhase section */
		C5C533D125460502005B9F17 /* CopyFiles */ = {
			isa = PBXCopyFilesBuildPhase;
			buildActionMask = 2147483647;
			dstPath = /usr/share/man/man1/;
			dstSubfolderSpec = 0;
			files = (
			);
			runOnlyForDeploymentPostprocessing = 1;
		};
/* End PBXCopyFilesBuildPhase section */

/* Begin PBXFileReference section */
		C5C533D325460502005B9F17 /* ldb-dump */ = {isa = PBXFileReference; explicitFileType = "compiled.mach-o.executable"; includeInIndex = 0; path = "ldb-dump"; sourceTree = BUILT_PRODUCTS_DIR; };
		C5C533E92546073A005B9F17 /* clean */ = {isa = PBXFileReference; lastKnownFileType = text.script.sh; path = clean; sourceTree = "<group>"; };
		C5C533EA2546073A005B9F17 /* README.md */ = {isa = PBXFileReference; lastKnownFileType = net.daringfireball.markdown; path = README.md; sourceTree = "<group>"; };
		C5C533EB2546073A005B9F17 /* build */ = {isa = PBXFileReference; lastKnownFileType = text.script.sh; path = build; sourceTree = "<group>"; };
		C5C533EC2546073A005B9F17 /* install */ = {isa = PBXFileReference; lastKnownFileType = text.script.sh; path = install; sourceTree = "<group>"; };
		C5C533ED2546073A005B9F17 /* LICENSE */ = {isa = PBXFileReference; lastKnownFileType = text; path = LICENSE; sourceTree = "<group>"; };
		C5C533EE25460767005B9F17 /* Package.swift */ = {isa = PBXFileReference; lastKnownFileType = sourcecode.swift; path = Package.swift; sourceTree = "<group>"; };
		C5C533F825460849005B9F17 /* ldb-dumpTests.xctest */ = {isa = PBXFileReference; explicitFileType = wrapper.cfbundle; includeInIndex = 0; path = "ldb-dumpTests.xctest"; sourceTree = BUILT_PRODUCTS_DIR; };
		C5C5340325460863005B9F17 /* LinuxMain.swift */ = {isa = PBXFileReference; fileEncoding = 4; lastKnownFileType = sourcecode.swift; path = LinuxMain.swift; sourceTree = "<group>"; };
		C5C5340525460863005B9F17 /* ldb_dumpTests.swift */ = {isa = PBXFileReference; fileEncoding = 4; lastKnownFileType = sourcecode.swift; path = ldb_dumpTests.swift; sourceTree = "<group>"; };
		C5C5340625460863005B9F17 /* XCTestManifests.swift */ = {isa = PBXFileReference; fileEncoding = 4; lastKnownFileType = sourcecode.swift; path = XCTestManifests.swift; sourceTree = "<group>"; };
		C5C5340E2546088C005B9F17 /* LDBDump.swift */ = {isa = PBXFileReference; fileEncoding = 4; lastKnownFileType = sourcecode.swift; path = LDBDump.swift; sourceTree = "<group>"; };
		C5C5340F2546088C005B9F17 /* main.swift */ = {isa = PBXFileReference; fileEncoding = 4; lastKnownFileType = sourcecode.swift; path = main.swift; sourceTree = "<group>"; };
		C5C534102546088C005B9F17 /* Database.swift */ = {isa = PBXFileReference; fileEncoding = 4; lastKnownFileType = sourcecode.swift; path = Database.swift; sourceTree = "<group>"; };
/* End PBXFileReference section */

/* Begin PBXFrameworksBuildPhase section */
		C5C533D025460502005B9F17 /* Frameworks */ = {
			isa = PBXFrameworksBuildPhase;
			buildActionMask = 2147483647;
			files = (
				C5C533E2254605D9005B9F17 /* SwiftLevelDB in Frameworks */,
			);
			runOnlyForDeploymentPostprocessing = 0;
		};
		C5C533F525460849005B9F17 /* Frameworks */ = {
			isa = PBXFrameworksBuildPhase;
			buildActionMask = 2147483647;
			files = (
			);
			runOnlyForDeploymentPostprocessing = 0;
		};
/* End PBXFrameworksBuildPhase section */

/* Begin PBXGroup section */
		C5C533CA25460502005B9F17 = {
			isa = PBXGroup;
			children = (
				C5C533EB2546073A005B9F17 /* build */,
				C5C533E92546073A005B9F17 /* clean */,
				C5C533EC2546073A005B9F17 /* install */,
				C5C533EE25460767005B9F17 /* Package.swift */,
				C5C533EF25460801005B9F17 /* Sources */,
				C5C5340225460863005B9F17 /* Tests */,
				C5C533ED2546073A005B9F17 /* LICENSE */,
				C5C533EA2546073A005B9F17 /* README.md */,
				C5C533D425460502005B9F17 /* Products */,
			);
			sourceTree = "<group>";
		};
		C5C533D425460502005B9F17 /* Products */ = {
			isa = PBXGroup;
			children = (
				C5C533D325460502005B9F17 /* ldb-dump */,
				C5C533F825460849005B9F17 /* ldb-dumpTests.xctest */,
			);
			name = Products;
			sourceTree = "<group>";
		};
		C5C533EF25460801005B9F17 /* Sources */ = {
			isa = PBXGroup;
			children = (
				C5C533F025460801005B9F17 /* ldb-dump */,
			);
			path = Sources;
			sourceTree = "<group>";
		};
		C5C533F025460801005B9F17 /* ldb-dump */ = {
			isa = PBXGroup;
			children = (
				C5C534102546088C005B9F17 /* Database.swift */,
				C5C5340E2546088C005B9F17 /* LDBDump.swift */,
				C5C5340F2546088C005B9F17 /* main.swift */,
			);
			path = "ldb-dump";
			sourceTree = "<group>";
		};
		C5C5340225460863005B9F17 /* Tests */ = {
			isa = PBXGroup;
			children = (
				C5C5340325460863005B9F17 /* LinuxMain.swift */,
				C5C5340425460863005B9F17 /* ldb-dumpTests */,
			);
			path = Tests;
			sourceTree = "<group>";
		};
		C5C5340425460863005B9F17 /* ldb-dumpTests */ = {
			isa = PBXGroup;
			children = (
				C5C5340525460863005B9F17 /* ldb_dumpTests.swift */,
				C5C5340625460863005B9F17 /* XCTestManifests.swift */,
			);
			path = "ldb-dumpTests";
			sourceTree = "<group>";
		};
/* End PBXGroup section */

/* Begin PBXNativeTarget section */
		C5C533D225460502005B9F17 /* ldb-dump */ = {
			isa = PBXNativeTarget;
			buildConfigurationList = C5C533DA25460502005B9F17 /* Build configuration list for PBXNativeTarget "ldb-dump" */;
			buildPhases = (
				C5C533CF25460502005B9F17 /* Sources */,
				C5C533D025460502005B9F17 /* Frameworks */,
				C5C533D125460502005B9F17 /* CopyFiles */,
			);
			buildRules = (
			);
			dependencies = (
			);
			name = "ldb-dump";
			packageProductDependencies = (
				C5C533E1254605D9005B9F17 /* SwiftLevelDB */,
			);
			productName = "ldb-dump";
			productReference = C5C533D325460502005B9F17 /* ldb-dump */;
			productType = "com.apple.product-type.tool";
		};
		C5C533F725460849005B9F17 /* ldb-dumpTests */ = {
			isa = PBXNativeTarget;
			buildConfigurationList = C5C533FD25460849005B9F17 /* Build configuration list for PBXNativeTarget "ldb-dumpTests" */;
			buildPhases = (
				C5C533F425460849005B9F17 /* Sources */,
				C5C533F525460849005B9F17 /* Frameworks */,
				C5C533F625460849005B9F17 /* Resources */,
			);
			buildRules = (
			);
			dependencies = (
			);
			name = "ldb-dumpTests";
			productName = "ldb-dumpTests";
			productReference = C5C533F825460849005B9F17 /* ldb-dumpTests.xctest */;
			productType = "com.apple.product-type.bundle.unit-test";
		};
/* End PBXNativeTarget section */

/* Begin PBXProject section */
		C5C533CB25460502005B9F17 /* Project object */ = {
			isa = PBXProject;
			attributes = {
				LastSwiftUpdateCheck = 1200;
				LastUpgradeCheck = 1200;
				TargetAttributes = {
					C5C533D225460502005B9F17 = {
						CreatedOnToolsVersion = 12.0.1;
					};
					C5C533F725460849005B9F17 = {
						CreatedOnToolsVersion = 12.0.1;
					};
				};
			};
			buildConfigurationList = C5C533CE25460502005B9F17 /* Build configuration list for PBXProject "ldb-dump" */;
			compatibilityVersion = "Xcode 9.3";
			developmentRegion = en;
			hasScannedForEncodings = 0;
			knownRegions = (
				en,
				Base,
			);
			mainGroup = C5C533CA25460502005B9F17;
			packageReferences = (
				C5C533E0254605D8005B9F17 /* XCRemoteSwiftPackageReference "SwiftLevelDB" */,
			);
			productRefGroup = C5C533D425460502005B9F17 /* Products */;
			projectDirPath = "";
			projectRoot = "";
			targets = (
				C5C533D225460502005B9F17 /* ldb-dump */,
				C5C533F725460849005B9F17 /* ldb-dumpTests */,
			);
		};
/* End PBXProject section */

/* Begin PBXResourcesBuildPhase section */
		C5C533F625460849005B9F17 /* Resources */ = {
			isa = PBXResourcesBuildPhase;
			buildActionMask = 2147483647;
			files = (
			);
			runOnlyForDeploymentPostprocessing = 0;
		};
/* End PBXResourcesBuildPhase section */

/* Begin PBXSourcesBuildPhase section */
		C5C533CF25460502005B9F17 /* Sources */ = {
			isa = PBXSourcesBuildPhase;
			buildActionMask = 2147483647;
			files = (
				C5C534112546088C005B9F17 /* LDBDump.swift in Sources */,
				C5C534122546088D005B9F17 /* main.swift in Sources */,
				C5C534132546088D005B9F17 /* Database.swift in Sources */,
			);
			runOnlyForDeploymentPostprocessing = 0;
		};
		C5C533F425460849005B9F17 /* Sources */ = {
			isa = PBXSourcesBuildPhase;
			buildActionMask = 2147483647;
			files = (
				C5C5340925460863005B9F17 /* XCTestManifests.swift in Sources */,
				C5C5340825460863005B9F17 /* ldb_dumpTests.swift in Sources */,
			);
			runOnlyForDeploymentPostprocessing = 0;
		};
/* End PBXSourcesBuildPhase section */

/* Begin XCBuildConfiguration section */
		C5C533D825460502005B9F17 /* Debug */ = {
			isa = XCBuildConfiguration;
			buildSettings = {
				ALWAYS_SEARCH_USER_PATHS = NO;
				CLANG_ANALYZER_NONNULL = YES;
				CLANG_ANALYZER_NUMBER_OBJECT_CONVERSION = YES_AGGRESSIVE;
				CLANG_CXX_LANGUAGE_STANDARD = "gnu++14";
				CLANG_CXX_LIBRARY = "libc++";
				CLANG_ENABLE_MODULES = YES;
				CLANG_ENABLE_OBJC_ARC = YES;
				CLANG_ENABLE_OBJC_WEAK = YES;
				CLANG_WARN_BLOCK_CAPTURE_AUTORELEASING = YES;
				CLANG_WARN_BOOL_CONVERSION = YES;
				CLANG_WARN_COMMA = YES;
				CLANG_WARN_CONSTANT_CONVERSION = YES;
				CLANG_WARN_DEPRECATED_OBJC_IMPLEMENTATIONS = YES;
				CLANG_WARN_DIRECT_OBJC_ISA_USAGE = YES_ERROR;
				CLANG_WARN_DOCUMENTATION_COMMENTS = YES;
				CLANG_WARN_EMPTY_BODY = YES;
				CLANG_WARN_ENUM_CONVERSION = YES;
				CLANG_WARN_INFINITE_RECURSION = YES;
				CLANG_WARN_INT_CONVERSION = YES;
				CLANG_WARN_NON_LITERAL_NULL_CONVERSION = YES;
				CLANG_WARN_OBJC_IMPLICIT_RETAIN_SELF = YES;
				CLANG_WARN_OBJC_LITERAL_CONVERSION = YES;
				CLANG_WARN_OBJC_ROOT_CLASS = YES_ERROR;
				CLANG_WARN_QUOTED_INCLUDE_IN_FRAMEWORK_HEADER = YES;
				CLANG_WARN_RANGE_LOOP_ANALYSIS = YES;
				CLANG_WARN_STRICT_PROTOTYPES = YES;
				CLANG_WARN_SUSPICIOUS_MOVE = YES;
				CLANG_WARN_UNGUARDED_AVAILABILITY = YES_AGGRESSIVE;
				CLANG_WARN_UNREACHABLE_CODE = YES;
				CLANG_WARN__DUPLICATE_METHOD_MATCH = YES;
				COPY_PHASE_STRIP = NO;
				DEBUG_INFORMATION_FORMAT = dwarf;
				ENABLE_STRICT_OBJC_MSGSEND = YES;
				ENABLE_TESTABILITY = YES;
				GCC_C_LANGUAGE_STANDARD = gnu11;
				GCC_DYNAMIC_NO_PIC = NO;
				GCC_NO_COMMON_BLOCKS = YES;
				GCC_OPTIMIZATION_LEVEL = 0;
				GCC_PREPROCESSOR_DEFINITIONS = (
					"DEBUG=1",
					"$(inherited)",
				);
				GCC_WARN_64_TO_32_BIT_CONVERSION = YES;
				GCC_WARN_ABOUT_RETURN_TYPE = YES_ERROR;
				GCC_WARN_UNDECLARED_SELECTOR = YES;
				GCC_WARN_UNINITIALIZED_AUTOS = YES_AGGRESSIVE;
				GCC_WARN_UNUSED_FUNCTION = YES;
				GCC_WARN_UNUSED_VARIABLE = YES;
				MACOSX_DEPLOYMENT_TARGET = 10.15;
				MTL_ENABLE_DEBUG_INFO = INCLUDE_SOURCE;
				MTL_FAST_MATH = YES;
				ONLY_ACTIVE_ARCH = YES;
				SDKROOT = macosx;
				SWIFT_ACTIVE_COMPILATION_CONDITIONS = DEBUG;
				SWIFT_OPTIMIZATION_LEVEL = "-Onone";
			};
			name = Debug;
		};
		C5C533D925460502005B9F17 /* Release */ = {
			isa = XCBuildConfiguration;
			buildSettings = {
				ALWAYS_SEARCH_USER_PATHS = NO;
				CLANG_ANALYZER_NONNULL = YES;
				CLANG_ANALYZER_NUMBER_OBJECT_CONVERSION = YES_AGGRESSIVE;
				CLANG_CXX_LANGUAGE_STANDARD = "gnu++14";
				CLANG_CXX_LIBRARY = "libc++";
				CLANG_ENABLE_MODULES = YES;
				CLANG_ENABLE_OBJC_ARC = YES;
				CLANG_ENABLE_OBJC_WEAK = YES;
				CLANG_WARN_BLOCK_CAPTURE_AUTORELEASING = YES;
				CLANG_WARN_BOOL_CONVERSION = YES;
				CLANG_WARN_COMMA = YES;
				CLANG_WARN_CONSTANT_CONVERSION = YES;
				CLANG_WARN_DEPRECATED_OBJC_IMPLEMENTATIONS = YES;
				CLANG_WARN_DIRECT_OBJC_ISA_USAGE = YES_ERROR;
				CLANG_WARN_DOCUMENTATION_COMMENTS = YES;
				CLANG_WARN_EMPTY_BODY = YES;
				CLANG_WARN_ENUM_CONVERSION = YES;
				CLANG_WARN_INFINITE_RECURSION = YES;
				CLANG_WARN_INT_CONVERSION = YES;
				CLANG_WARN_NON_LITERAL_NULL_CONVERSION = YES;
				CLANG_WARN_OBJC_IMPLICIT_RETAIN_SELF = YES;
				CLANG_WARN_OBJC_LITERAL_CONVERSION = YES;
				CLANG_WARN_OBJC_ROOT_CLASS = YES_ERROR;
				CLANG_WARN_QUOTED_INCLUDE_IN_FRAMEWORK_HEADER = YES;
				CLANG_WARN_RANGE_LOOP_ANALYSIS = YES;
				CLANG_WARN_STRICT_PROTOTYPES = YES;
				CLANG_WARN_SUSPICIOUS_MOVE = YES;
				CLANG_WARN_UNGUARDED_AVAILABILITY = YES_AGGRESSIVE;
				CLANG_WARN_UNREACHABLE_CODE = YES;
				CLANG_WARN__DUPLICATE_METHOD_MATCH = YES;
				COPY_PHASE_STRIP = NO;
				DEBUG_INFORMATION_FORMAT = "dwarf-with-dsym";
				ENABLE_NS_ASSERTIONS = NO;
				ENABLE_STRICT_OBJC_MSGSEND = YES;
				GCC_C_LANGUAGE_STANDARD = gnu11;
				GCC_NO_COMMON_BLOCKS = YES;
				GCC_WARN_64_TO_32_BIT_CONVERSION = YES;
				GCC_WARN_ABOUT_RETURN_TYPE = YES_ERROR;
				GCC_WARN_UNDECLARED_SELECTOR = YES;
				GCC_WARN_UNINITIALIZED_AUTOS = YES_AGGRESSIVE;
				GCC_WARN_UNUSED_FUNCTION = YES;
				GCC_WARN_UNUSED_VARIABLE = YES;
				MACOSX_DEPLOYMENT_TARGET = 10.15;
				MTL_ENABLE_DEBUG_INFO = NO;
				MTL_FAST_MATH = YES;
				SDKROOT = macosx;
				SWIFT_COMPILATION_MODE = wholemodule;
				SWIFT_OPTIMIZATION_LEVEL = "-O";
			};
			name = Release;
		};
		C5C533DB25460502005B9F17 /* Debug */ = {
			isa = XCBuildConfiguration;
			buildSettings = {
				CODE_SIGN_STYLE = Automatic;
				DEVELOPMENT_TEAM = PHEF24B589;
				ENABLE_HARDENED_RUNTIME = YES;
				PRODUCT_NAME = "$(TARGET_NAME)";
				SWIFT_VERSION = 5.0;
			};
			name = Debug;
		};
		C5C533DC25460502005B9F17 /* Release */ = {
			isa = XCBuildConfiguration;
			buildSettings = {
				CODE_SIGN_STYLE = Automatic;
				DEVELOPMENT_TEAM = PHEF24B589;
				ENABLE_HARDENED_RUNTIME = YES;
				PRODUCT_NAME = "$(TARGET_NAME)";
				SWIFT_VERSION = 5.0;
			};
			name = Release;
		};
		C5C533FE25460849005B9F17 /* Debug */ = {
			isa = XCBuildConfiguration;
			buildSettings = {
				CODE_SIGN_STYLE = Automatic;
				COMBINE_HIDPI_IMAGES = YES;
				DEVELOPMENT_TEAM = PHEF24B589;
				INFOPLIST_FILE = "ldb-dumpTests/Info.plist";
				LD_RUNPATH_SEARCH_PATHS = (
					"$(inherited)",
					"@executable_path/../Frameworks",
					"@loader_path/../Frameworks",
				);
				PRODUCT_BUNDLE_IDENTIFIER = "net.amr.ldb-dumpTests";
				PRODUCT_NAME = "$(TARGET_NAME)";
				SWIFT_VERSION = 5.0;
			};
			name = Debug;
		};
		C5C533FF25460849005B9F17 /* Release */ = {
			isa = XCBuildConfiguration;
			buildSettings = {
				CODE_SIGN_STYLE = Automatic;
				COMBINE_HIDPI_IMAGES = YES;
				DEVELOPMENT_TEAM = PHEF24B589;
				INFOPLIST_FILE = "ldb-dumpTests/Info.plist";
				LD_RUNPATH_SEARCH_PATHS = (
					"$(inherited)",
					"@executable_path/../Frameworks",
					"@loader_path/../Frameworks",
				);
				PRODUCT_BUNDLE_IDENTIFIER = "net.amr.ldb-dumpTests";
				PRODUCT_NAME = "$(TARGET_NAME)";
				SWIFT_VERSION = 5.0;
			};
			name = Release;
		};
/* End XCBuildConfiguration section */

/* Begin XCConfigurationList section */
		C5C533CE25460502005B9F17 /* Build configuration list for PBXProject "ldb-dump" */ = {
			isa = XCConfigurationList;
			buildConfigurations = (
				C5C533D825460502005B9F17 /* Debug */,
				C5C533D925460502005B9F17 /* Release */,
			);
			defaultConfigurationIsVisible = 0;
			defaultConfigurationName = Release;
		};
		C5C533DA25460502005B9F17 /* Build configuration list for PBXNativeTarget "ldb-dump" */ = {
			isa = XCConfigurationList;
			buildConfigurations = (
				C5C533DB25460502005B9F17 /* Debug */,
				C5C533DC25460502005B9F17 /* Release */,
			);
			defaultConfigurationIsVisible = 0;
			defaultConfigurationName = Release;
		};
		C5C533FD25460849005B9F17 /* Build configuration list for PBXNativeTarget "ldb-dumpTests" */ = {
			isa = XCConfigurationList;
			buildConfigurations = (
				C5C533FE25460849005B9F17 /* Debug */,
				C5C533FF25460849005B9F17 /* Release */,
			);
			defaultConfigurationIsVisible = 0;
			defaultConfigurationName = Release;
		};
/* End XCConfigurationList section */

/* Begin XCRemoteSwiftPackageReference section */
		C5C533E0254605D8005B9F17 /* XCRemoteSwiftPackageReference "SwiftLevelDB" */ = {
			isa = XCRemoteSwiftPackageReference;
			repositoryURL = "https://github.com/amraboelela/SwiftLevelDB.git";
			requirement = {
				branch = master;
				kind = branch;
			};
		};
/* End XCRemoteSwiftPackageReference section */

/* Begin XCSwiftPackageProductDependency section */
		C5C533E1254605D9005B9F17 /* SwiftLevelDB */ = {
			isa = XCSwiftPackageProductDependency;
			package = C5C533E0254605D8005B9F17 /* XCRemoteSwiftPackageReference "SwiftLevelDB" */;
			productName = SwiftLevelDB;
		};
/* End XCSwiftPackageProductDependency section */
	};
	rootObject = C5C533CB25460502005B9F17 /* Project object */;
}
